
Microsoft Visual Studio Solution File, Format Version 12.00
# Visual Studio Version 16
VisualStudioVersion = 16.0.30717.126
MinimumVisualStudioVersion = 10.0.40219.1
Project("{FAE04EC0-301F-11D3-BF4B-00C04F79EFBC}") = "CurrencyClient", "CurrencyClient.csproj", "{FF1B8F10-3F66-4363-A826-B9E447DFF860}"
EndProject
Global
	GlobalSection(SolutionConfigurationPlatforms) = preSolution
		Debug|Any CPU = Debug|Any CPU
		Release|Any CPU = Release|Any CPU
	EndGlobalSection
	GlobalSection(ProjectConfigurationPlatforms) = postSolution
		{FF1B8F10-3F66-4363-A826-B9E447DFF860}.Debug|Any CPU.ActiveCfg = Debug|Any CPU
		{FF1B8F10-3F66-4363-A826-B9E447DFF860}.Debug|Any CPU.Build.0 = Debug|Any CPU
		{FF1B8F10-3F66-4363-A826-B9E447DFF860}.Release|Any CPU.ActiveCfg = Release|Any CPU
		{FF1B8F10-3F66-4363-A826-B9E447DFF860}.Release|Any CPU.Build.0 = Release|Any CPU
	EndGlobalSection
	GlobalSection(SolutionProperties) = preSolution
		HideSolutionNode = FALSE
	EndGlobalSection
	GlobalSection(ExtensibilityGlobals) = postSolution
		SolutionGuid = {3E46F092-D017-4235-88F8-613D24C7A95F}
	EndGlobalSection
EndGlobal
